
Microsoft Visual Studio Solution File, Format Version 12.00
# Visual Studio Version 17
VisualStudioVersion = 17.12.35527.113 d17.12
MinimumVisualStudioVersion = 10.0.40219.1
Project("{FAE04EC0-301F-11D3-BF4B-00C04F79EFBC}") = "ServerApp.BLL", "ServerApp.BLL\ServerApp.BLL.csproj", "{4724A127-92A7-4062-B940-F32C8058CCF6}"
EndProject
Project("{FAE04EC0-301F-11D3-BF4B-00C04F79EFBC}") = "ServerApp.DAL", "ServerApp.DAL\ServerApp.DAL.csproj", "{79C6181F-9A54-4579-A631-06070493CEA6}"
EndProject
Project("{FAE04EC0-301F-11D3-BF4B-00C04F79EFBC}") = "ServerApp.PL", "ServerApp.PL\ServerApp.PL.csproj", "{B1A3E2A8-898F-4E5A-93A9-49FCFB0624C2}"
EndProject
Global
	GlobalSection(SolutionConfigurationPlatforms) = preSolution
		Debug|Any CPU = Debug|Any CPU
		Release|Any CPU = Release|Any CPU
	EndGlobalSection
	GlobalSection(ProjectConfigurationPlatforms) = postSolution
		{4724A127-92A7-4062-B940-F32C8058CCF6}.Debug|Any CPU.ActiveCfg = Debug|Any CPU
		{4724A127-92A7-4062-B940-F32C8058CCF6}.Debug|Any CPU.Build.0 = Debug|Any CPU
		{4724A127-92A7-4062-B940-F32C8058CCF6}.Release|Any CPU.ActiveCfg = Release|Any CPU
		{4724A127-92A7-4062-B940-F32C8058CCF6}.Release|Any CPU.Build.0 = Release|Any CPU
		{79C6181F-9A54-4579-A631-06070493CEA6}.Debug|Any CPU.ActiveCfg = Debug|Any CPU
		{79C6181F-9A54-4579-A631-06070493CEA6}.Debug|Any CPU.Build.0 = Debug|Any CPU
		{79C6181F-9A54-4579-A631-06070493CEA6}.Release|Any CPU.ActiveCfg = Release|Any CPU
		{79C6181F-9A54-4579-A631-06070493CEA6}.Release|Any CPU.Build.0 = Release|Any CPU
		{B1A3E2A8-898F-4E5A-93A9-49FCFB0624C2}.Debug|Any CPU.ActiveCfg = Debug|Any CPU
		{B1A3E2A8-898F-4E5A-93A9-49FCFB0624C2}.Debug|Any CPU.Build.0 = Debug|Any CPU
		{B1A3E2A8-898F-4E5A-93A9-49FCFB0624C2}.Release|Any CPU.ActiveCfg = Release|Any CPU
		{B1A3E2A8-898F-4E5A-93A9-49FCFB0624C2}.Release|Any CPU.Build.0 = Release|Any CPU
	EndGlobalSection
	GlobalSection(SolutionProperties) = preSolution
		HideSolutionNode = FALSE
	EndGlobalSection
EndGlobal
